
Microsoft Visual Studio Solution File, Format Version 12.00
# Visual Studio Version 16
VisualStudioVersion = 16.0.32106.194
MinimumVisualStudioVersion = 10.0.40219.1
Project("{FAE04EC0-301F-11D3-BF4B-00C04F79EFBC}") = "MvcMovie", "MvcMovie.csproj", "{ABE9562D-045B-4B75-8EF1-9BD0075429F2}"
EndProject
Global
	GlobalSection(SolutionConfigurationPlatforms) = preSolution
		Debug|Any CPU = Debug|Any CPU
		Release|Any CPU = Release|Any CPU
	EndGlobalSection
	GlobalSection(ProjectConfigurationPlatforms) = postSolution
		{ABE9562D-045B-4B75-8EF1-9BD0075429F2}.Debug|Any CPU.ActiveCfg = Debug|Any CPU
		{ABE9562D-045B-4B75-8EF1-9BD0075429F2}.Debug|Any CPU.Build.0 = Debug|Any CPU
		{ABE9562D-045B-4B75-8EF1-9BD0075429F2}.Release|Any CPU.ActiveCfg = Release|Any CPU
		{ABE9562D-045B-4B75-8EF1-9BD0075429F2}.Release|Any CPU.Build.0 = Release|Any CPU
	EndGlobalSection
	GlobalSection(SolutionProperties) = preSolution
		HideSolutionNode = FALSE
	EndGlobalSection
	GlobalSection(ExtensibilityGlobals) = postSolution
		SolutionGuid = {009852DA-F8F5-4F27-818D-4AA60BF25B36}
	EndGlobalSection
EndGlobal
